
Microsoft Visual Studio Solution File, Format Version 12.00
# Visual Studio Version 16
VisualStudioVersion = 16.0.29609.76
MinimumVisualStudioVersion = 10.0.40219.1
Project("{FAE04EC0-301F-11D3-BF4B-00C04F79EFBC}") = "SystemMonitor.Models", "SystemMonitor.Models\SystemMonitor.Models.csproj", "{9BB61B4D-A446-4A45-86BD-C39C9F13A060}"
EndProject
Global
	GlobalSection(SolutionConfigurationPlatforms) = preSolution
		Debug|Any CPU = Debug|Any CPU
		Release|Any CPU = Release|Any CPU
	EndGlobalSection
	GlobalSection(ProjectConfigurationPlatforms) = postSolution
		{9BB61B4D-A446-4A45-86BD-C39C9F13A060}.Debug|Any CPU.ActiveCfg = Debug|Any CPU
		{9BB61B4D-A446-4A45-86BD-C39C9F13A060}.Debug|Any CPU.Build.0 = Debug|Any CPU
		{9BB61B4D-A446-4A45-86BD-C39C9F13A060}.Release|Any CPU.ActiveCfg = Release|Any CPU
		{9BB61B4D-A446-4A45-86BD-C39C9F13A060}.Release|Any CPU.Build.0 = Release|Any CPU
	EndGlobalSection
	GlobalSection(SolutionProperties) = preSolution
		HideSolutionNode = FALSE
	EndGlobalSection
	GlobalSection(ExtensibilityGlobals) = postSolution
		SolutionGuid = {28C63DC4-66CA-43B9-AE2F-906BEF98DA3E}
	EndGlobalSection
EndGlobal
